// !$*UTF8*$!
{
	archiveVersion = 1;
	classes = {
	};
	objectVersion = 46;
	objects = {

/* Begin PBXBuildFile section */
		ED0B28AD1C38131500431588 /* CameraTableViewController.m in Sources */ = {isa = PBXBuildFile; fileRef = ED0B28AC1C38131500431588 /* CameraTableViewController.m */; };
		ED806FA01C39A23800D351D2 /* MediaPlayer.framework in Frameworks */ = {isa = PBXBuildFile; fileRef = ED806F9F1C39A23800D351D2 /* MediaPlayer.framework */; };
		ED97DE481C2D8AE6004C5F27 /* Bolts.framework in Frameworks */ = {isa = PBXBuildFile; fileRef = ED97DE421C2D8AE6004C5F27 /* Bolts.framework */; };
		ED97DE491C2D8AE6004C5F27 /* Parse.framework in Frameworks */ = {isa = PBXBuildFile; fileRef = ED97DE431C2D8AE6004C5F27 /* Parse.framework */; };
		ED97DE4A1C2D8AE6004C5F27 /* ParseFacebookUtils.framework in Frameworks */ = {isa = PBXBuildFile; fileRef = ED97DE441C2D8AE6004C5F27 /* ParseFacebookUtils.framework */; };
		ED97DE4B1C2D8AE6004C5F27 /* ParseFacebookUtilsV4.framework in Frameworks */ = {isa = PBXBuildFile; fileRef = ED97DE451C2D8AE6004C5F27 /* ParseFacebookUtilsV4.framework */; };
		ED97DE4C1C2D8AE6004C5F27 /* ParseTwitterUtils.framework in Frameworks */ = {isa = PBXBuildFile; fileRef = ED97DE461C2D8AE6004C5F27 /* ParseTwitterUtils.framework */; };
		ED97DE4D1C2D8AE6004C5F27 /* ParseUI.framework in Frameworks */ = {isa = PBXBuildFile; fileRef = ED97DE471C2D8AE6004C5F27 /* ParseUI.framework */; };
		ED97DE591C2D8C06004C5F27 /* AudioToolbox.framework in Frameworks */ = {isa = PBXBuildFile; fileRef = ED97DE4F1C2D8C06004C5F27 /* AudioToolbox.framework */; };
		ED97DE5A1C2D8C06004C5F27 /* CFNetwork.framework in Frameworks */ = {isa = PBXBuildFile; fileRef = ED97DE501C2D8C06004C5F27 /* CFNetwork.framework */; };
		ED97DE5B1C2D8C06004C5F27 /* CoreGraphics.framework in Frameworks */ = {isa = PBXBuildFile; fileRef = ED97DE511C2D8C06004C5F27 /* CoreGraphics.framework */; };
		ED97DE5C1C2D8C06004C5F27 /* CoreLocation.framework in Frameworks */ = {isa = PBXBuildFile; fileRef = ED97DE521C2D8C06004C5F27 /* CoreLocation.framework */; };
		ED97DE5D1C2D8C06004C5F27 /* libsqlite3.tbd in Frameworks */ = {isa = PBXBuildFile; fileRef = ED97DE531C2D8C06004C5F27 /* libsqlite3.tbd */; };
		ED97DE5E1C2D8C06004C5F27 /* libz.tbd in Frameworks */ = {isa = PBXBuildFile; fileRef = ED97DE541C2D8C06004C5F27 /* libz.tbd */; };
		ED97DE5F1C2D8C06004C5F27 /* QuartzCore.framework in Frameworks */ = {isa = PBXBuildFile; fileRef = ED97DE551C2D8C06004C5F27 /* QuartzCore.framework */; };
		ED97DE601C2D8C06004C5F27 /* Security.framework in Frameworks */ = {isa = PBXBuildFile; fileRef = ED97DE561C2D8C06004C5F27 /* Security.framework */; };
		ED97DE611C2D8C06004C5F27 /* StoreKit.framework in Frameworks */ = {isa = PBXBuildFile; fileRef = ED97DE571C2D8C06004C5F27 /* StoreKit.framework */; };
		ED97DE621C2D8C06004C5F27 /* SystemConfiguration.framework in Frameworks */ = {isa = PBXBuildFile; fileRef = ED97DE581C2D8C06004C5F27 /* SystemConfiguration.framework */; };
		ED97DE651C2D919E004C5F27 /* LoginViewController.m in Sources */ = {isa = PBXBuildFile; fileRef = ED97DE641C2D919E004C5F27 /* LoginViewController.m */; };
		ED97DE681C2D91CC004C5F27 /* SignupViewController.m in Sources */ = {isa = PBXBuildFile; fileRef = ED97DE671C2D91CC004C5F27 /* SignupViewController.m */; };
		ED97DE6B1C341CB5004C5F27 /* EditFriendsTableViewController.m in Sources */ = {isa = PBXBuildFile; fileRef = ED97DE6A1C341CB5004C5F27 /* EditFriendsTableViewController.m */; };
		EDB4C6F21C28602D00A26E69 /* main.m in Sources */ = {isa = PBXBuildFile; fileRef = EDB4C6F11C28602D00A26E69 /* main.m */; };
		EDB4C6F51C28602D00A26E69 /* AppDelegate.m in Sources */ = {isa = PBXBuildFile; fileRef = EDB4C6F41C28602D00A26E69 /* AppDelegate.m */; };
		EDB4C6FB1C28602D00A26E69 /* Main.storyboard in Resources */ = {isa = PBXBuildFile; fileRef = EDB4C6F91C28602D00A26E69 /* Main.storyboard */; };
		EDB4C6FD1C28602D00A26E69 /* Assets.xcassets in Resources */ = {isa = PBXBuildFile; fileRef = EDB4C6FC1C28602D00A26E69 /* Assets.xcassets */; };
		EDB4C7001C28602D00A26E69 /* LaunchScreen.storyboard in Resources */ = {isa = PBXBuildFile; fileRef = EDB4C6FE1C28602D00A26E69 /* LaunchScreen.storyboard */; };
		EDB4C70B1C28602D00A26E69 /* RibbitTests.m in Sources */ = {isa = PBXBuildFile; fileRef = EDB4C70A1C28602D00A26E69 /* RibbitTests.m */; };
		EDB4C7161C28602D00A26E69 /* RibbitUITests.m in Sources */ = {isa = PBXBuildFile; fileRef = EDB4C7151C28602D00A26E69 /* RibbitUITests.m */; };
		EDB4C72D1C286DEC00A26E69 /* camera.png in Resources */ = {isa = PBXBuildFile; fileRef = EDB4C7271C286DEC00A26E69 /* camera.png */; };
		EDB4C72E1C286DEC00A26E69 /* camera@2x.png in Resources */ = {isa = PBXBuildFile; fileRef = EDB4C7281C286DEC00A26E69 /* camera@2x.png */; };
		EDB4C72F1C286DEC00A26E69 /* friends.png in Resources */ = {isa = PBXBuildFile; fileRef = EDB4C7291C286DEC00A26E69 /* friends.png */; };
		EDB4C7301C286DEC00A26E69 /* friends@2x.png in Resources */ = {isa = PBXBuildFile; fileRef = EDB4C72A1C286DEC00A26E69 /* friends@2x.png */; };
		EDB4C7311C286DEC00A26E69 /* inbox.png in Resources */ = {isa = PBXBuildFile; fileRef = EDB4C72B1C286DEC00A26E69 /* inbox.png */; };
		EDB4C7321C286DEC00A26E69 /* inbox@2x.png in Resources */ = {isa = PBXBuildFile; fileRef = EDB4C72C1C286DEC00A26E69 /* inbox@2x.png */; };
		EDB4C7351C290E0E00A26E69 /* InboxViewControllerTableViewController.m in Sources */ = {isa = PBXBuildFile; fileRef = EDB4C7341C290E0E00A26E69 /* InboxViewControllerTableViewController.m */; };
		EDB8102A1C347BD80032715A /* FriendsTableViewController.m in Sources */ = {isa = PBXBuildFile; fileRef = EDB810291C347BD80032715A /* FriendsTableViewController.m */; };
		EDD3FB701C38936A00DEB339 /* icon_image.png in Resources */ = {isa = PBXBuildFile; fileRef = EDD3FB6C1C38936A00DEB339 /* icon_image.png */; };
		EDD3FB711C38936A00DEB339 /* icon_image@2x.png in Resources */ = {isa = PBXBuildFile; fileRef = EDD3FB6D1C38936A00DEB339 /* icon_image@2x.png */; };
		EDD3FB721C38936A00DEB339 /* icon_video.png in Resources */ = {isa = PBXBuildFile; fileRef = EDD3FB6E1C38936A00DEB339 /* icon_video.png */; };
		EDD3FB731C38936A00DEB339 /* icon_video@2x.png in Resources */ = {isa = PBXBuildFile; fileRef = EDD3FB6F1C38936A00DEB339 /* icon_video@2x.png */; };
		EDD3FB761C39664000DEB339 /* ImageViewController.m in Sources */ = {isa = PBXBuildFile; fileRef = EDD3FB751C39664000DEB339 /* ImageViewController.m */; };
/* End PBXBuildFile section */

/* Begin PBXContainerItemProxy section */
		EDB4C7071C28602D00A26E69 /* PBXContainerItemProxy */ = {
			isa = PBXContainerItemProxy;
			containerPortal = EDB4C6E51C28602D00A26E69 /* Project object */;
			proxyType = 1;
			remoteGlobalIDString = EDB4C6EC1C28602D00A26E69;
			remoteInfo = Ribbit;
		};
		EDB4C7121C28602D00A26E69 /* PBXContainerItemProxy */ = {
			isa = PBXContainerItemProxy;
			containerPortal = EDB4C6E51C28602D00A26E69 /* Project object */;
			proxyType = 1;
			remoteGlobalIDString = EDB4C6EC1C28602D00A26E69;
			remoteInfo = Ribbit;
		};
/* End PBXContainerItemProxy section */

/* Begin PBXFileReference section */
		ED0B28AB1C38131500431588 /* CameraTableViewController.h */ = {isa = PBXFileReference; fileEncoding = 4; lastKnownFileType = sourcecode.c.h; path = CameraTableViewController.h; sourceTree = "<group>"; };
		ED0B28AC1C38131500431588 /* CameraTableViewController.m */ = {isa = PBXFileReference; fileEncoding = 4; lastKnownFileType = sourcecode.c.objc; path = CameraTableViewController.m; sourceTree = "<group>"; };
		ED806F9F1C39A23800D351D2 /* MediaPlayer.framework */ = {isa = PBXFileReference; lastKnownFileType = wrapper.framework; name = MediaPlayer.framework; path = System/Library/Frameworks/MediaPlayer.framework; sourceTree = SDKROOT; };
		ED97DE421C2D8AE6004C5F27 /* Bolts.framework */ = {isa = PBXFileReference; lastKnownFileType = wrapper.framework; path = Bolts.framework; sourceTree = "<group>"; };
		ED97DE431C2D8AE6004C5F27 /* Parse.framework */ = {isa = PBXFileReference; lastKnownFileType = wrapper.framework; path = Parse.framework; sourceTree = "<group>"; };
		ED97DE441C2D8AE6004C5F27 /* ParseFacebookUtils.framework */ = {isa = PBXFileReference; lastKnownFileType = wrapper.framework; path = ParseFacebookUtils.framework; sourceTree = "<group>"; };
		ED97DE451C2D8AE6004C5F27 /* ParseFacebookUtilsV4.framework */ = {isa = PBXFileReference; lastKnownFileType = wrapper.framework; path = ParseFacebookUtilsV4.framework; sourceTree = "<group>"; };
		ED97DE461C2D8AE6004C5F27 /* ParseTwitterUtils.framework */ = {isa = PBXFileReference; lastKnownFileType = wrapper.framework; path = ParseTwitterUtils.framework; sourceTree = "<group>"; };
		ED97DE471C2D8AE6004C5F27 /* ParseUI.framework */ = {isa = PBXFileReference; lastKnownFileType = wrapper.framework; path = ParseUI.framework; sourceTree = "<group>"; };
		ED97DE4F1C2D8C06004C5F27 /* AudioToolbox.framework */ = {isa = PBXFileReference; lastKnownFileType = wrapper.framework; name = AudioToolbox.framework; path = System/Library/Frameworks/AudioToolbox.framework; sourceTree = SDKROOT; };
		ED97DE501C2D8C06004C5F27 /* CFNetwork.framework */ = {isa = PBXFileReference; lastKnownFileType = wrapper.framework; name = CFNetwork.framework; path = System/Library/Frameworks/CFNetwork.framework; sourceTree = SDKROOT; };
		ED97DE511C2D8C06004C5F27 /* CoreGraphics.framework */ = {isa = PBXFileReference; lastKnownFileType = wrapper.framework; name = CoreGraphics.framework; path = System/Library/Frameworks/CoreGraphics.framework; sourceTree = SDKROOT; };
		ED97DE521C2D8C06004C5F27 /* CoreLocation.framework */ = {isa = PBXFileReference; lastKnownFileType = wrapper.framework; name = CoreLocation.framework; path = System/Library/Frameworks/CoreLocation.framework; sourceTree = SDKROOT; };
		ED97DE531C2D8C06004C5F27 /* libsqlite3.tbd */ = {isa = PBXFileReference; lastKnownFileType = "sourcecode.text-based-dylib-definition"; name = libsqlite3.tbd; path = usr/lib/libsqlite3.tbd; sourceTree = SDKROOT; };
		ED97DE541C2D8C06004C5F27 /* libz.tbd */ = {isa = PBXFileReference; lastKnownFileType = "sourcecode.text-based-dylib-definition"; name = libz.tbd; path = usr/lib/libz.tbd; sourceTree = SDKROOT; };
		ED97DE551C2D8C06004C5F27 /* QuartzCore.framework */ = {isa = PBXFileReference; lastKnownFileType = wrapper.framework; name = QuartzCore.framework; path = System/Library/Frameworks/QuartzCore.framework; sourceTree = SDKROOT; };
		ED97DE561C2D8C06004C5F27 /* Security.framework */ = {isa = PBXFileReference; lastKnownFileType = wrapper.framework; name = Security.framework; path = System/Library/Frameworks/Security.framework; sourceTree = SDKROOT; };
		ED97DE571C2D8C06004C5F27 /* StoreKit.framework */ = {isa = PBXFileReference; lastKnownFileType = wrapper.framework; name = StoreKit.framework; path = System/Library/Frameworks/StoreKit.framework; sourceTree = SDKROOT; };
		ED97DE581C2D8C06004C5F27 /* SystemConfiguration.framework */ = {isa = PBXFileReference; lastKnownFileType = wrapper.framework; name = SystemConfiguration.framework; path = System/Library/Frameworks/SystemConfiguration.framework; sourceTree = SDKROOT; };
		ED97DE631C2D919E004C5F27 /* LoginViewController.h */ = {isa = PBXFileReference; fileEncoding = 4; lastKnownFileType = sourcecode.c.h; name = LoginViewController.h; path = ../LoginViewController.h; sourceTree = "<group>"; };
		ED97DE641C2D919E004C5F27 /* LoginViewController.m */ = {isa = PBXFileReference; fileEncoding = 4; lastKnownFileType = sourcecode.c.objc; name = LoginViewController.m; path = ../LoginViewController.m; sourceTree = "<group>"; };
		ED97DE661C2D91CC004C5F27 /* SignupViewController.h */ = {isa = PBXFileReference; fileEncoding = 4; lastKnownFileType = sourcecode.c.h; path = SignupViewController.h; sourceTree = "<group>"; };
		ED97DE671C2D91CC004C5F27 /* SignupViewController.m */ = {isa = PBXFileReference; fileEncoding = 4; lastKnownFileType = sourcecode.c.objc; path = SignupViewController.m; sourceTree = "<group>"; };
		ED97DE691C341CB5004C5F27 /* EditFriendsTableViewController.h */ = {isa = PBXFileReference; fileEncoding = 4; lastKnownFileType = sourcecode.c.h; path = EditFriendsTableViewController.h; sourceTree = "<group>"; };
		ED97DE6A1C341CB5004C5F27 /* EditFriendsTableViewController.m */ = {isa = PBXFileReference; fileEncoding = 4; lastKnownFileType = sourcecode.c.objc; path = EditFriendsTableViewController.m; sourceTree = "<group>"; };
		EDB4C6ED1C28602D00A26E69 /* Ribbit.app */ = {isa = PBXFileReference; explicitFileType = wrapper.application; includeInIndex = 0; path = Ribbit.app; sourceTree = BUILT_PRODUCTS_DIR; };
		EDB4C6F11C28602D00A26E69 /* main.m */ = {isa = PBXFileReference; lastKnownFileType = sourcecode.c.objc; path = main.m; sourceTree = "<group>"; };
		EDB4C6F31C28602D00A26E69 /* AppDelegate.h */ = {isa = PBXFileReference; lastKnownFileType = sourcecode.c.h; path = AppDelegate.h; sourceTree = "<group>"; };
		EDB4C6F41C28602D00A26E69 /* AppDelegate.m */ = {isa = PBXFileReference; lastKnownFileType = sourcecode.c.objc; path = AppDelegate.m; sourceTree = "<group>"; };
		EDB4C6FA1C28602D00A26E69 /* Base */ = {isa = PBXFileReference; lastKnownFileType = file.storyboard; name = Base; path = Base.lproj/Main.storyboard; sourceTree = "<group>"; };
		EDB4C6FC1C28602D00A26E69 /* Assets.xcassets */ = {isa = PBXFileReference; lastKnownFileType = folder.assetcatalog; path = Assets.xcassets; sourceTree = "<group>"; };
		EDB4C6FF1C28602D00A26E69 /* Base */ = {isa = PBXFileReference; lastKnownFileType = file.storyboard; name = Base; path = Base.lproj/LaunchScreen.storyboard; sourceTree = "<group>"; };
		EDB4C7011C28602D00A26E69 /* Info.plist */ = {isa = PBXFileReference; lastKnownFileType = text.plist.xml; path = Info.plist; sourceTree = "<group>"; };
		EDB4C7061C28602D00A26E69 /* RibbitTests.xctest */ = {isa = PBXFileReference; explicitFileType = wrapper.cfbundle; includeInIndex = 0; path = RibbitTests.xctest; sourceTree = BUILT_PRODUCTS_DIR; };
		EDB4C70A1C28602D00A26E69 /* RibbitTests.m */ = {isa = PBXFileReference; lastKnownFileType = sourcecode.c.objc; path = RibbitTests.m; sourceTree = "<group>"; };
		EDB4C70C1C28602D00A26E69 /* Info.plist */ = {isa = PBXFileReference; lastKnownFileType = text.plist.xml; path = Info.plist; sourceTree = "<group>"; };
		EDB4C7111C28602D00A26E69 /* RibbitUITests.xctest */ = {isa = PBXFileReference; explicitFileType = wrapper.cfbundle; includeInIndex = 0; path = RibbitUITests.xctest; sourceTree = BUILT_PRODUCTS_DIR; };
		EDB4C7151C28602D00A26E69 /* RibbitUITests.m */ = {isa = PBXFileReference; lastKnownFileType = sourcecode.c.objc; path = RibbitUITests.m; sourceTree = "<group>"; };
		EDB4C7171C28602D00A26E69 /* Info.plist */ = {isa = PBXFileReference; lastKnownFileType = text.plist.xml; path = Info.plist; sourceTree = "<group>"; };
		EDB4C7271C286DEC00A26E69 /* camera.png */ = {isa = PBXFileReference; lastKnownFileType = image.png; path = camera.png; sourceTree = "<group>"; };
		EDB4C7281C286DEC00A26E69 /* camera@2x.png */ = {isa = PBXFileReference; lastKnownFileType = image.png; path = "camera@2x.png"; sourceTree = "<group>"; };
		EDB4C7291C286DEC00A26E69 /* friends.png */ = {isa = PBXFileReference; lastKnownFileType = image.png; path = friends.png; sourceTree = "<group>"; };
		EDB4C72A1C286DEC00A26E69 /* friends@2x.png */ = {isa = PBXFileReference; lastKnownFileType = image.png; path = "friends@2x.png"; sourceTree = "<group>"; };
		EDB4C72B1C286DEC00A26E69 /* inbox.png */ = {isa = PBXFileReference; lastKnownFileType = image.png; path = inbox.png; sourceTree = "<group>"; };
		EDB4C72C1C286DEC00A26E69 /* inbox@2x.png */ = {isa = PBXFileReference; lastKnownFileType = image.png; path = "inbox@2x.png"; sourceTree = "<group>"; };
		EDB4C7331C290E0E00A26E69 /* InboxViewControllerTableViewController.h */ = {isa = PBXFileReference; fileEncoding = 4; lastKnownFileType = sourcecode.c.h; path = InboxViewControllerTableViewController.h; sourceTree = "<group>"; };
		EDB4C7341C290E0E00A26E69 /* InboxViewControllerTableViewController.m */ = {isa = PBXFileReference; fileEncoding = 4; lastKnownFileType = sourcecode.c.objc; path = InboxViewControllerTableViewController.m; sourceTree = "<group>"; };
		EDB810281C347BD80032715A /* FriendsTableViewController.h */ = {isa = PBXFileReference; fileEncoding = 4; lastKnownFileType = sourcecode.c.h; path = FriendsTableViewController.h; sourceTree = "<group>"; };
		EDB810291C347BD80032715A /* FriendsTableViewController.m */ = {isa = PBXFileReference; fileEncoding = 4; lastKnownFileType = sourcecode.c.objc; path = FriendsTableViewController.m; sourceTree = "<group>"; };
		EDD3FB6C1C38936A00DEB339 /* icon_image.png */ = {isa = PBXFileReference; lastKnownFileType = image.png; path = icon_image.png; sourceTree = "<group>"; };
		EDD3FB6D1C38936A00DEB339 /* icon_image@2x.png */ = {isa = PBXFileReference; lastKnownFileType = image.png; path = "icon_image@2x.png"; sourceTree = "<group>"; };
		EDD3FB6E1C38936A00DEB339 /* icon_video.png */ = {isa = PBXFileReference; lastKnownFileType = image.png; path = icon_video.png; sourceTree = "<group>"; };
		EDD3FB6F1C38936A00DEB339 /* icon_video@2x.png */ = {isa = PBXFileReference; lastKnownFileType = image.png; path = "icon_video@2x.png"; sourceTree = "<group>"; };
		EDD3FB741C39664000DEB339 /* ImageViewController.h */ = {isa = PBXFileReference; fileEncoding = 4; lastKnownFileType = sourcecode.c.h; path = ImageViewController.h; sourceTree = "<group>"; };
		EDD3FB751C39664000DEB339 /* ImageViewController.m */ = {isa = PBXFileReference; fileEncoding = 4; lastKnownFileType = sourcecode.c.objc; path = ImageViewController.m; sourceTree = "<group>"; };
/* End PBXFileReference section */

/* Begin PBXFrameworksBuildPhase section */
		EDB4C6EA1C28602D00A26E69 /* Frameworks */ = {
			isa = PBXFrameworksBuildPhase;
			buildActionMask = 2147483647;
			files = (
				ED97DE591C2D8C06004C5F27 /* AudioToolbox.framework in Frameworks */,
				ED97DE5A1C2D8C06004C5F27 /* CFNetwork.framework in Frameworks */,
				ED97DE5B1C2D8C06004C5F27 /* CoreGraphics.framework in Frameworks */,
				ED97DE5C1C2D8C06004C5F27 /* CoreLocation.framework in Frameworks */,
				ED97DE5D1C2D8C06004C5F27 /* libsqlite3.tbd in Frameworks */,
				ED97DE5E1C2D8C06004C5F27 /* libz.tbd in Frameworks */,
				ED97DE5F1C2D8C06004C5F27 /* QuartzCore.framework in Frameworks */,
				ED97DE601C2D8C06004C5F27 /* Security.framework in Frameworks */,
				ED97DE611C2D8C06004C5F27 /* StoreKit.framework in Frameworks */,
				ED97DE621C2D8C06004C5F27 /* SystemConfiguration.framework in Frameworks */,
				ED97DE4D1C2D8AE6004C5F27 /* ParseUI.framework in Frameworks */,
				ED97DE491C2D8AE6004C5F27 /* Parse.framework in Frameworks */,
				ED97DE481C2D8AE6004C5F27 /* Bolts.framework in Frameworks */,
				ED97DE4B1C2D8AE6004C5F27 /* ParseFacebookUtilsV4.framework in Frameworks */,
				ED97DE4A1C2D8AE6004C5F27 /* ParseFacebookUtils.framework in Frameworks */,
				ED97DE4C1C2D8AE6004C5F27 /* ParseTwitterUtils.framework in Frameworks */,
			);
			runOnlyForDeploymentPostprocessing = 0;
		};
		EDB4C7031C28602D00A26E69 /* Frameworks */ = {
			isa = PBXFrameworksBuildPhase;
			buildActionMask = 2147483647;
			files = (
			);
			runOnlyForDeploymentPostprocessing = 0;
		};
		EDB4C70E1C28602D00A26E69 /* Frameworks */ = {
			isa = PBXFrameworksBuildPhase;
			buildActionMask = 2147483647;
			files = (
				ED806FA01C39A23800D351D2 /* MediaPlayer.framework in Frameworks */,
			);
			runOnlyForDeploymentPostprocessing = 0;
		};
/* End PBXFrameworksBuildPhase section */

/* Begin PBXGroup section */
		ED97DE4E1C2D8AF5004C5F27 /* Frameworks */ = {
			isa = PBXGroup;
			children = (
				ED806F9F1C39A23800D351D2 /* MediaPlayer.framework */,
				ED97DE4F1C2D8C06004C5F27 /* AudioToolbox.framework */,
				ED97DE501C2D8C06004C5F27 /* CFNetwork.framework */,
				ED97DE511C2D8C06004C5F27 /* CoreGraphics.framework */,
				ED97DE521C2D8C06004C5F27 /* CoreLocation.framework */,
				ED97DE531C2D8C06004C5F27 /* libsqlite3.tbd */,
				ED97DE541C2D8C06004C5F27 /* libz.tbd */,
				ED97DE551C2D8C06004C5F27 /* QuartzCore.framework */,
				ED97DE561C2D8C06004C5F27 /* Security.framework */,
				ED97DE571C2D8C06004C5F27 /* StoreKit.framework */,
				ED97DE581C2D8C06004C5F27 /* SystemConfiguration.framework */,
				ED97DE421C2D8AE6004C5F27 /* Bolts.framework */,
				ED97DE431C2D8AE6004C5F27 /* Parse.framework */,
				ED97DE441C2D8AE6004C5F27 /* ParseFacebookUtils.framework */,
				ED97DE451C2D8AE6004C5F27 /* ParseFacebookUtilsV4.framework */,
				ED97DE461C2D8AE6004C5F27 /* ParseTwitterUtils.framework */,
				ED97DE471C2D8AE6004C5F27 /* ParseUI.framework */,
			);
			name = Frameworks;
			sourceTree = "<group>";
		};
		EDB4C6E41C28602D00A26E69 = {
			isa = PBXGroup;
			children = (
				EDB4C6EF1C28602D00A26E69 /* Ribbit */,
				EDB4C7091C28602D00A26E69 /* RibbitTests */,
				EDB4C7141C28602D00A26E69 /* RibbitUITests */,
				EDB4C6EE1C28602D00A26E69 /* Products */,
				ED97DE4E1C2D8AF5004C5F27 /* Frameworks */,
			);
			sourceTree = "<group>";
		};
		EDB4C6EE1C28602D00A26E69 /* Products */ = {
			isa = PBXGroup;
			children = (
				EDB4C6ED1C28602D00A26E69 /* Ribbit.app */,
				EDB4C7061C28602D00A26E69 /* RibbitTests.xctest */,
				EDB4C7111C28602D00A26E69 /* RibbitUITests.xctest */,
			);
			name = Products;
			sourceTree = "<group>";
		};
		EDB4C6EF1C28602D00A26E69 /* Ribbit */ = {
			isa = PBXGroup;
			children = (
				EDB4C6F31C28602D00A26E69 /* AppDelegate.h */,
				EDB4C6F41C28602D00A26E69 /* AppDelegate.m */,
				ED97DE631C2D919E004C5F27 /* LoginViewController.h */,
				ED97DE641C2D919E004C5F27 /* LoginViewController.m */,
				ED97DE661C2D91CC004C5F27 /* SignupViewController.h */,
				ED97DE671C2D91CC004C5F27 /* SignupViewController.m */,
				EDB4C7331C290E0E00A26E69 /* InboxViewControllerTableViewController.h */,
				EDB4C7341C290E0E00A26E69 /* InboxViewControllerTableViewController.m */,
				ED97DE691C341CB5004C5F27 /* EditFriendsTableViewController.h */,
				ED97DE6A1C341CB5004C5F27 /* EditFriendsTableViewController.m */,
				EDB810281C347BD80032715A /* FriendsTableViewController.h */,
				EDB810291C347BD80032715A /* FriendsTableViewController.m */,
				ED0B28AB1C38131500431588 /* CameraTableViewController.h */,
				ED0B28AC1C38131500431588 /* CameraTableViewController.m */,
				EDD3FB741C39664000DEB339 /* ImageViewController.h */,
				EDD3FB751C39664000DEB339 /* ImageViewController.m */,
				EDB4C6F91C28602D00A26E69 /* Main.storyboard */,
				EDB4C6FC1C28602D00A26E69 /* Assets.xcassets */,
				EDB4C6FE1C28602D00A26E69 /* LaunchScreen.storyboard */,
				EDB4C7011C28602D00A26E69 /* Info.plist */,
				EDB4C6F01C28602D00A26E69 /* Supporting Files */,
			);
			path = Ribbit;
			sourceTree = "<group>";
		};
		EDB4C6F01C28602D00A26E69 /* Supporting Files */ = {
			isa = PBXGroup;
			children = (
				EDD3FB6C1C38936A00DEB339 /* icon_image.png */,
				EDD3FB6D1C38936A00DEB339 /* icon_image@2x.png */,
				EDD3FB6E1C38936A00DEB339 /* icon_video.png */,
				EDD3FB6F1C38936A00DEB339 /* icon_video@2x.png */,
				EDB4C7271C286DEC00A26E69 /* camera.png */,
				EDB4C7281C286DEC00A26E69 /* camera@2x.png */,
				EDB4C7291C286DEC00A26E69 /* friends.png */,
				EDB4C72A1C286DEC00A26E69 /* friends@2x.png */,
				EDB4C72B1C286DEC00A26E69 /* inbox.png */,
				EDB4C72C1C286DEC00A26E69 /* inbox@2x.png */,
				EDB4C6F11C28602D00A26E69 /* main.m */,
			);
			name = "Supporting Files";
			sourceTree = "<group>";
		};
		EDB4C7091C28602D00A26E69 /* RibbitTests */ = {
			isa = PBXGroup;
			children = (
				EDB4C70A1C28602D00A26E69 /* RibbitTests.m */,
				EDB4C70C1C28602D00A26E69 /* Info.plist */,
			);
			path = RibbitTests;
			sourceTree = "<group>";
		};
		EDB4C7141C28602D00A26E69 /* RibbitUITests */ = {
			isa = PBXGroup;
			children = (
				EDB4C7151C28602D00A26E69 /* RibbitUITests.m */,
				EDB4C7171C28602D00A26E69 /* Info.plist */,
			);
			path = RibbitUITests;
			sourceTree = "<group>";
		};
/* End PBXGroup section */

/* Begin PBXNativeTarget section */
		EDB4C6EC1C28602D00A26E69 /* Ribbit */ = {
			isa = PBXNativeTarget;
			buildConfigurationList = EDB4C71A1C28602D00A26E69 /* Build configuration list for PBXNativeTarget "Ribbit" */;
			buildPhases = (
				EDB4C6E91C28602D00A26E69 /* Sources */,
				EDB4C6EA1C28602D00A26E69 /* Frameworks */,
				EDB4C6EB1C28602D00A26E69 /* Resources */,
			);
			buildRules = (
			);
			dependencies = (
			);
			name = Ribbit;
			productName = Ribbit;
			productReference = EDB4C6ED1C28602D00A26E69 /* Ribbit.app */;
			productType = "com.apple.product-type.application";
		};
		EDB4C7051C28602D00A26E69 /* RibbitTests */ = {
			isa = PBXNativeTarget;
			buildConfigurationList = EDB4C71D1C28602D00A26E69 /* Build configuration list for PBXNativeTarget "RibbitTests" */;
			buildPhases = (
				EDB4C7021C28602D00A26E69 /* Sources */,
				EDB4C7031C28602D00A26E69 /* Frameworks */,
				EDB4C7041C28602D00A26E69 /* Resources */,
			);
			buildRules = (
			);
			dependencies = (
				EDB4C7081C28602D00A26E69 /* PBXTargetDependency */,
			);
			name = RibbitTests;
			productName = RibbitTests;
			productReference = EDB4C7061C28602D00A26E69 /* RibbitTests.xctest */;
			productType = "com.apple.product-type.bundle.unit-test";
		};
		EDB4C7101C28602D00A26E69 /* RibbitUITests */ = {
			isa = PBXNativeTarget;
			buildConfigurationList = EDB4C7201C28602D00A26E69 /* Build configuration list for PBXNativeTarget "RibbitUITests" */;
			buildPhases = (
				EDB4C70D1C28602D00A26E69 /* Sources */,
				EDB4C70E1C28602D00A26E69 /* Frameworks */,
				EDB4C70F1C28602D00A26E69 /* Resources */,
			);
			buildRules = (
			);
			dependencies = (
				EDB4C7131C28602D00A26E69 /* PBXTargetDependency */,
			);
			name = RibbitUITests;
			productName = RibbitUITests;
			productReference = EDB4C7111C28602D00A26E69 /* RibbitUITests.xctest */;
			productType = "com.apple.product-type.bundle.ui-testing";
		};
/* End PBXNativeTarget section */

/* Begin PBXProject section */
		EDB4C6E51C28602D00A26E69 /* Project object */ = {
			isa = PBXProject;
			attributes = {
				LastUpgradeCheck = 0720;
				ORGANIZATIONNAME = "Carl Udren";
				TargetAttributes = {
					EDB4C6EC1C28602D00A26E69 = {
						CreatedOnToolsVersion = 7.2;
					};
					EDB4C7051C28602D00A26E69 = {
						CreatedOnToolsVersion = 7.2;
						TestTargetID = EDB4C6EC1C28602D00A26E69;
					};
					EDB4C7101C28602D00A26E69 = {
						CreatedOnToolsVersion = 7.2;
						TestTargetID = EDB4C6EC1C28602D00A26E69;
					};
				};
			};
			buildConfigurationList = EDB4C6E81C28602D00A26E69 /* Build configuration list for PBXProject "Ribbit" */;
			compatibilityVersion = "Xcode 3.2";
			developmentRegion = English;
			hasScannedForEncodings = 0;
			knownRegions = (
				en,
				Base,
			);
			mainGroup = EDB4C6E41C28602D00A26E69;
			productRefGroup = EDB4C6EE1C28602D00A26E69 /* Products */;
			projectDirPath = "";
			projectRoot = "";
			targets = (
				EDB4C6EC1C28602D00A26E69 /* Ribbit */,
				EDB4C7051C28602D00A26E69 /* RibbitTests */,
				EDB4C7101C28602D00A26E69 /* RibbitUITests */,
			);
		};
/* End PBXProject section */

/* Begin PBXResourcesBuildPhase section */
		EDB4C6EB1C28602D00A26E69 /* Resources */ = {
			isa = PBXResourcesBuildPhase;
			buildActionMask = 2147483647;
			files = (
				EDD3FB721C38936A00DEB339 /* icon_video.png in Resources */,
				EDB4C72F1C286DEC00A26E69 /* friends.png in Resources */,
				EDB4C7001C28602D00A26E69 /* LaunchScreen.storyboard in Resources */,
				EDD3FB701C38936A00DEB339 /* icon_image.png in Resources */,
				EDB4C6FD1C28602D00A26E69 /* Assets.xcassets in Resources */,
				EDB4C6FB1C28602D00A26E69 /* Main.storyboard in Resources */,
				EDB4C7321C286DEC00A26E69 /* inbox@2x.png in Resources */,
				EDB4C72D1C286DEC00A26E69 /* camera.png in Resources */,
				EDD3FB711C38936A00DEB339 /* icon_image@2x.png in Resources */,
				EDB4C7301C286DEC00A26E69 /* friends@2x.png in Resources */,
				EDB4C72E1C286DEC00A26E69 /* camera@2x.png in Resources */,
				EDB4C7311C286DEC00A26E69 /* inbox.png in Resources */,
				EDD3FB731C38936A00DEB339 /* icon_video@2x.png in Resources */,
			);
			runOnlyForDeploymentPostprocessing = 0;
		};
		EDB4C7041C28602D00A26E69 /* Resources */ = {
			isa = PBXResourcesBuildPhase;
			buildActionMask = 2147483647;
			files = (
			);
			runOnlyForDeploymentPostprocessing = 0;
		};
		EDB4C70F1C28602D00A26E69 /* Resources */ = {
			isa = PBXResourcesBuildPhase;
			buildActionMask = 2147483647;
			files = (
			);
			runOnlyForDeploymentPostprocessing = 0;
		};
/* End PBXResourcesBuildPhase section */

/* Begin PBXSourcesBuildPhase section */
		EDB4C6E91C28602D00A26E69 /* Sources */ = {
			isa = PBXSourcesBuildPhase;
			buildActionMask = 2147483647;
			files = (
				ED97DE651C2D919E004C5F27 /* LoginViewController.m in Sources */,
				EDB4C7351C290E0E00A26E69 /* InboxViewControllerTableViewController.m in Sources */,
				ED97DE6B1C341CB5004C5F27 /* EditFriendsTableViewController.m in Sources */,
				EDB4C6F51C28602D00A26E69 /* AppDelegate.m in Sources */,
				EDB4C6F21C28602D00A26E69 /* main.m in Sources */,
				EDB8102A1C347BD80032715A /* FriendsTableViewController.m in Sources */,
				EDD3FB761C39664000DEB339 /* ImageViewController.m in Sources */,
				ED0B28AD1C38131500431588 /* CameraTableViewController.m in Sources */,
				ED97DE681C2D91CC004C5F27 /* SignupViewController.m in Sources */,
			);
			runOnlyForDeploymentPostprocessing = 0;
		};
		EDB4C7021C28602D00A26E69 /* Sources */ = {
			isa = PBXSourcesBuildPhase;
			buildActionMask = 2147483647;
			files = (
				EDB4C70B1C28602D00A26E69 /* RibbitTests.m in Sources */,
			);
			runOnlyForDeploymentPostprocessing = 0;
		};
		EDB4C70D1C28602D00A26E69 /* Sources */ = {
			isa = PBXSourcesBuildPhase;
			buildActionMask = 2147483647;
			files = (
				EDB4C7161C28602D00A26E69 /* RibbitUITests.m in Sources */,
			);
			runOnlyForDeploymentPostprocessing = 0;
		};
/* End PBXSourcesBuildPhase section */

/* Begin PBXTargetDependency section */
		EDB4C7081C28602D00A26E69 /* PBXTargetDependency */ = {
			isa = PBXTargetDependency;
			target = EDB4C6EC1C28602D00A26E69 /* Ribbit */;
			targetProxy = EDB4C7071C28602D00A26E69 /* PBXContainerItemProxy */;
		};
		EDB4C7131C28602D00A26E69 /* PBXTargetDependency */ = {
			isa = PBXTargetDependency;
			target = EDB4C6EC1C28602D00A26E69 /* Ribbit */;
			targetProxy = EDB4C7121C28602D00A26E69 /* PBXContainerItemProxy */;
		};
/* End PBXTargetDependency section */

/* Begin PBXVariantGroup section */
		EDB4C6F91C28602D00A26E69 /* Main.storyboard */ = {
			isa = PBXVariantGroup;
			children = (
				EDB4C6FA1C28602D00A26E69 /* Base */,
			);
			name = Main.storyboard;
			sourceTree = "<group>";
		};
		EDB4C6FE1C28602D00A26E69 /* LaunchScreen.storyboard */ = {
			isa = PBXVariantGroup;
			children = (
				EDB4C6FF1C28602D00A26E69 /* Base */,
			);
			name = LaunchScreen.storyboard;
			sourceTree = "<group>";
		};
/* End PBXVariantGroup section */

/* Begin XCBuildConfiguration section */
		EDB4C7181C28602D00A26E69 /* Debug */ = {
			isa = XCBuildConfiguration;
			buildSettings = {
				ALWAYS_SEARCH_USER_PATHS = NO;
				CLANG_CXX_LANGUAGE_STANDARD = "gnu++0x";
				CLANG_CXX_LIBRARY = "libc++";
				CLANG_ENABLE_MODULES = YES;
				CLANG_ENABLE_OBJC_ARC = YES;
				CLANG_WARN_BOOL_CONVERSION = YES;
				CLANG_WARN_CONSTANT_CONVERSION = YES;
				CLANG_WARN_DIRECT_OBJC_ISA_USAGE = YES_ERROR;
				CLANG_WARN_EMPTY_BODY = YES;
				CLANG_WARN_ENUM_CONVERSION = YES;
				CLANG_WARN_INT_CONVERSION = YES;
				CLANG_WARN_OBJC_ROOT_CLASS = YES_ERROR;
				CLANG_WARN_UNREACHABLE_CODE = YES;
				CLANG_WARN__DUPLICATE_METHOD_MATCH = YES;
				"CODE_SIGN_IDENTITY[sdk=iphoneos*]" = "iPhone Developer";
				COPY_PHASE_STRIP = NO;
				DEBUG_INFORMATION_FORMAT = dwarf;
				ENABLE_STRICT_OBJC_MSGSEND = YES;
				ENABLE_TESTABILITY = YES;
				GCC_C_LANGUAGE_STANDARD = gnu99;
				GCC_DYNAMIC_NO_PIC = NO;
				GCC_NO_COMMON_BLOCKS = YES;
				GCC_OPTIMIZATION_LEVEL = 0;
				GCC_PREPROCESSOR_DEFINITIONS = (
					"DEBUG=1",
					"$(inherited)",
				);
				GCC_WARN_64_TO_32_BIT_CONVERSION = YES;
				GCC_WARN_ABOUT_RETURN_TYPE = YES_ERROR;
				GCC_WARN_UNDECLARED_SELECTOR = YES;
				GCC_WARN_UNINITIALIZED_AUTOS = YES_AGGRESSIVE;
				GCC_WARN_UNUSED_FUNCTION = YES;
				GCC_WARN_UNUSED_VARIABLE = YES;
				IPHONEOS_DEPLOYMENT_TARGET = 9.2;
				MTL_ENABLE_DEBUG_INFO = YES;
				ONLY_ACTIVE_ARCH = YES;
				SDKROOT = iphoneos;
			};
			name = Debug;
		};
		EDB4C7191C28602D00A26E69 /* Release */ = {
			isa = XCBuildConfiguration;
			buildSettings = {
				ALWAYS_SEARCH_USER_PATHS = NO;
				CLANG_CXX_LANGUAGE_STANDARD = "gnu++0x";
				CLANG_CXX_LIBRARY = "libc++";
				CLANG_ENABLE_MODULES = YES;
				CLANG_ENABLE_OBJC_ARC = YES;
				CLANG_WARN_BOOL_CONVERSION = YES;
				CLANG_WARN_CONSTANT_CONVERSION = YES;
				CLANG_WARN_DIRECT_OBJC_ISA_USAGE = YES_ERROR;
				CLANG_WARN_EMPTY_BODY = YES;
				CLANG_WARN_ENUM_CONVERSION = YES;
				CLANG_WARN_INT_CONVERSION = YES;
				CLANG_WARN_OBJC_ROOT_CLASS = YES_ERROR;
				CLANG_WARN_UNREACHABLE_CODE = YES;
				CLANG_WARN__DUPLICATE_METHOD_MATCH = YES;
				"CODE_SIGN_IDENTITY[sdk=iphoneos*]" = "iPhone Developer";
				COPY_PHASE_STRIP = NO;
				DEBUG_INFORMATION_FORMAT = "dwarf-with-dsym";
				ENABLE_NS_ASSERTIONS = NO;
				ENABLE_STRICT_OBJC_MSGSEND = YES;
				GCC_C_LANGUAGE_STANDARD = gnu99;
				GCC_NO_COMMON_BLOCKS = YES;
				GCC_WARN_64_TO_32_BIT_CONVERSION = YES;
				GCC_WARN_ABOUT_RETURN_TYPE = YES_ERROR;
				GCC_WARN_UNDECLARED_SELECTOR = YES;
				GCC_WARN_UNINITIALIZED_AUTOS = YES_AGGRESSIVE;
				GCC_WARN_UNUSED_FUNCTION = YES;
				GCC_WARN_UNUSED_VARIABLE = YES;
				IPHONEOS_DEPLOYMENT_TARGET = 9.2;
				MTL_ENABLE_DEBUG_INFO = NO;
				SDKROOT = iphoneos;
				VALIDATE_PRODUCT = YES;
			};
			name = Release;
		};
		EDB4C71B1C28602D00A26E69 /* Debug */ = {
			isa = XCBuildConfiguration;
			buildSettings = {
				ASSETCATALOG_COMPILER_APPICON_NAME = AppIcon;
				FRAMEWORK_SEARCH_PATHS = (
					"$(inherited)",
					"$(PROJECT_DIR)",
					"$(PROJECT_DIR)/Frameworks",
				);
				INFOPLIST_FILE = Ribbit/Info.plist;
				LD_RUNPATH_SEARCH_PATHS = "$(inherited) @executable_path/Frameworks";
				PRODUCT_BUNDLE_IDENTIFIER = "Carl-Udren.Ribbit";
				PRODUCT_NAME = "$(TARGET_NAME)";
			};
			name = Debug;
		};
		EDB4C71C1C28602D00A26E69 /* Release */ = {
			isa = XCBuildConfiguration;
			buildSettings = {
				ASSETCATALOG_COMPILER_APPICON_NAME = AppIcon;
				FRAMEWORK_SEARCH_PATHS = (
					"$(inherited)",
					"$(PROJECT_DIR)",
					"$(PROJECT_DIR)/Frameworks",
				);
				INFOPLIST_FILE = Ribbit/Info.plist;
				LD_RUNPATH_SEARCH_PATHS = "$(inherited) @executable_path/Frameworks";
				PRODUCT_BUNDLE_IDENTIFIER = "Carl-Udren.Ribbit";
				PRODUCT_NAME = "$(TARGET_NAME)";
			};
			name = Release;
		};
		EDB4C71E1C28602D00A26E69 /* Debug */ = {
			isa = XCBuildConfiguration;
			buildSettings = {
				BUNDLE_LOADER = "$(TEST_HOST)";
				INFOPLIST_FILE = RibbitTests/Info.plist;
				LD_RUNPATH_SEARCH_PATHS = "$(inherited) @executable_path/Frameworks @loader_path/Frameworks";
				PRODUCT_BUNDLE_IDENTIFIER = "Carl-Udren.RibbitTests";
				PRODUCT_NAME = "$(TARGET_NAME)";
				TEST_HOST = "$(BUILT_PRODUCTS_DIR)/Ribbit.app/Ribbit";
			};
			name = Debug;
		};
		EDB4C71F1C28602D00A26E69 /* Release */ = {
			isa = XCBuildConfiguration;
			buildSettings = {
				BUNDLE_LOADER = "$(TEST_HOST)";
				INFOPLIST_FILE = RibbitTests/Info.plist;
				LD_RUNPATH_SEARCH_PATHS = "$(inherited) @executable_path/Frameworks @loader_path/Frameworks";
				PRODUCT_BUNDLE_IDENTIFIER = "Carl-Udren.RibbitTests";
				PRODUCT_NAME = "$(TARGET_NAME)";
				TEST_HOST = "$(BUILT_PRODUCTS_DIR)/Ribbit.app/Ribbit";
			};
			name = Release;
		};
		EDB4C7211C28602D00A26E69 /* Debug */ = {
			isa = XCBuildConfiguration;
			buildSettings = {
				INFOPLIST_FILE = RibbitUITests/Info.plist;
				LD_RUNPATH_SEARCH_PATHS = "$(inherited) @executable_path/Frameworks @loader_path/Frameworks";
				PRODUCT_BUNDLE_IDENTIFIER = "Carl-Udren.RibbitUITests";
				PRODUCT_NAME = "$(TARGET_NAME)";
				TEST_TARGET_NAME = Ribbit;
				USES_XCTRUNNER = YES;
			};
			name = Debug;
		};
		EDB4C7221C28602D00A26E69 /* Release */ = {
			isa = XCBuildConfiguration;
			buildSettings = {
				INFOPLIST_FILE = RibbitUITests/Info.plist;
				LD_RUNPATH_SEARCH_PATHS = "$(inherited) @executable_path/Frameworks @loader_path/Frameworks";
				PRODUCT_BUNDLE_IDENTIFIER = "Carl-Udren.RibbitUITests";
				PRODUCT_NAME = "$(TARGET_NAME)";
				TEST_TARGET_NAME = Ribbit;
				USES_XCTRUNNER = YES;
			};
			name = Release;
		};
/* End XCBuildConfiguration section */

/* Begin XCConfigurationList section */
		EDB4C6E81C28602D00A26E69 /* Build configuration list for PBXProject "Ribbit" */ = {
			isa = XCConfigurationList;
			buildConfigurations = (
				EDB4C7181C28602D00A26E69 /* Debug */,
				EDB4C7191C28602D00A26E69 /* Release */,
			);
			defaultConfigurationIsVisible = 0;
			defaultConfigurationName = Release;
		};
		EDB4C71A1C28602D00A26E69 /* Build configuration list for PBXNativeTarget "Ribbit" */ = {
			isa = XCConfigurationList;
			buildConfigurations = (
				EDB4C71B1C28602D00A26E69 /* Debug */,
				EDB4C71C1C28602D00A26E69 /* Release */,
			);
			defaultConfigurationIsVisible = 0;
			defaultConfigurationName = Release;
		};
		EDB4C71D1C28602D00A26E69 /* Build configuration list for PBXNativeTarget "RibbitTests" */ = {
			isa = XCConfigurationList;
			buildConfigurations = (
				EDB4C71E1C28602D00A26E69 /* Debug */,
				EDB4C71F1C28602D00A26E69 /* Release */,
			);
			defaultConfigurationIsVisible = 0;
			defaultConfigurationName = Release;
		};
		EDB4C7201C28602D00A26E69 /* Build configuration list for PBXNativeTarget "RibbitUITests" */ = {
			isa = XCConfigurationList;
			buildConfigurations = (
				EDB4C7211C28602D00A26E69 /* Debug */,
				EDB4C7221C28602D00A26E69 /* Release */,
			);
			defaultConfigurationIsVisible = 0;
			defaultConfigurationName = Release;
		};
/* End XCConfigurationList section */
	};
	rootObject = EDB4C6E51C28602D00A26E69 /* Project object */;
}
