// !$*UTF8*$!
{
	archiveVersion = 1;
	classes = {
	};
	objectVersion = 46;
	objects = {

/* Begin PBXBuildFile section */
		EDB4C6F21C28602D00A26E69 /* main.m in Sources */ = {isa = PBXBuildFile; fileRef = EDB4C6F11C28602D00A26E69 /* main.m */; };
		EDB4C6F51C28602D00A26E69 /* AppDelegate.m in Sources */ = {isa = PBXBuildFile; fileRef = EDB4C6F41C28602D00A26E69 /* AppDelegate.m */; };
		EDB4C6F81C28602D00A26E69 /* ViewController.m in Sources */ = {isa = PBXBuildFile; fileRef = EDB4C6F71C28602D00A26E69 /* ViewController.m */; };
		EDB4C6FB1C28602D00A26E69 /* Main.storyboard in Resources */ = {isa = PBXBuildFile; fileRef = EDB4C6F91C28602D00A26E69 /* Main.storyboard */; };
		EDB4C6FD1C28602D00A26E69 /* Assets.xcassets in Resources */ = {isa = PBXBuildFile; fileRef = EDB4C6FC1C28602D00A26E69 /* Assets.xcassets */; };
		EDB4C7001C28602D00A26E69 /* LaunchScreen.storyboard in Resources */ = {isa = PBXBuildFile; fileRef = EDB4C6FE1C28602D00A26E69 /* LaunchScreen.storyboard */; };
		EDB4C70B1C28602D00A26E69 /* RibbitTests.m in Sources */ = {isa = PBXBuildFile; fileRef = EDB4C70A1C28602D00A26E69 /* RibbitTests.m */; };
		EDB4C7161C28602D00A26E69 /* RibbitUITests.m in Sources */ = {isa = PBXBuildFile; fileRef = EDB4C7151C28602D00A26E69 /* RibbitUITests.m */; };
/* End PBXBuildFile section */

/* Begin PBXContainerItemProxy section */
		EDB4C7071C28602D00A26E69 /* PBXContainerItemProxy */ = {
			isa = PBXContainerItemProxy;
			containerPortal = EDB4C6E51C28602D00A26E69 /* Project object */;
			proxyType = 1;
			remoteGlobalIDString = EDB4C6EC1C28602D00A26E69;
			remoteInfo = Ribbit;
		};
		EDB4C7121C28602D00A26E69 /* PBXContainerItemProxy */ = {
			isa = PBXContainerItemProxy;
			containerPortal = EDB4C6E51C28602D00A26E69 /* Project object */;
			proxyType = 1;
			remoteGlobalIDString = EDB4C6EC1C28602D00A26E69;
			remoteInfo = Ribbit;
		};
/* End PBXContainerItemProxy section */

/* Begin PBXFileReference section */
		EDB4C6ED1C28602D00A26E69 /* Ribbit.app */ = {isa = PBXFileReference; explicitFileType = wrapper.application; includeInIndex = 0; path = Ribbit.app; sourceTree = BUILT_PRODUCTS_DIR; };
		EDB4C6F11C28602D00A26E69 /* main.m */ = {isa = PBXFileReference; lastKnownFileType = sourcecode.c.objc; path = main.m; sourceTree = "<group>"; };
		EDB4C6F31C28602D00A26E69 /* AppDelegate.h */ = {isa = PBXFileReference; lastKnownFileType = sourcecode.c.h; path = AppDelegate.h; sourceTree = "<group>"; };
		EDB4C6F41C28602D00A26E69 /* AppDelegate.m */ = {isa = PBXFileReference; lastKnownFileType = sourcecode.c.objc; path = AppDelegate.m; sourceTree = "<group>"; };
		EDB4C6F61C28602D00A26E69 /* ViewController.h */ = {isa = PBXFileReference; lastKnownFileType = sourcecode.c.h; path = ViewController.h; sourceTree = "<group>"; };
		EDB4C6F71C28602D00A26E69 /* ViewController.m */ = {isa = PBXFileReference; lastKnownFileType = sourcecode.c.objc; path = ViewController.m; sourceTree = "<group>"; };
		EDB4C6FA1C28602D00A26E69 /* Base */ = {isa = PBXFileReference; lastKnownFileType = file.storyboard; name = Base; path = Base.lproj/Main.storyboard; sourceTree = "<group>"; };
		EDB4C6FC1C28602D00A26E69 /* Assets.xcassets */ = {isa = PBXFileReference; lastKnownFileType = folder.assetcatalog; path = Assets.xcassets; sourceTree = "<group>"; };
		EDB4C6FF1C28602D00A26E69 /* Base */ = {isa = PBXFileReference; lastKnownFileType = file.storyboard; name = Base; path = Base.lproj/LaunchScreen.storyboard; sourceTree = "<group>"; };
		EDB4C7011C28602D00A26E69 /* Info.plist */ = {isa = PBXFileReference; lastKnownFileType = text.plist.xml; path = Info.plist; sourceTree = "<group>"; };
		EDB4C7061C28602D00A26E69 /* RibbitTests.xctest */ = {isa = PBXFileReference; explicitFileType = wrapper.cfbundle; includeInIndex = 0; path = RibbitTests.xctest; sourceTree = BUILT_PRODUCTS_DIR; };
		EDB4C70A1C28602D00A26E69 /* RibbitTests.m */ = {isa = PBXFileReference; lastKnownFileType = sourcecode.c.objc; path = RibbitTests.m; sourceTree = "<group>"; };
		EDB4C70C1C28602D00A26E69 /* Info.plist */ = {isa = PBXFileReference; lastKnownFileType = text.plist.xml; path = Info.plist; sourceTree = "<group>"; };
		EDB4C7111C28602D00A26E69 /* RibbitUITests.xctest */ = {isa = PBXFileReference; explicitFileType = wrapper.cfbundle; includeInIndex = 0; path = RibbitUITests.xctest; sourceTree = BUILT_PRODUCTS_DIR; };
		EDB4C7151C28602D00A26E69 /* RibbitUITests.m */ = {isa = PBXFileReference; lastKnownFileType = sourcecode.c.objc; path = RibbitUITests.m; sourceTree = "<group>"; };
		EDB4C7171C28602D00A26E69 /* Info.plist */ = {isa = PBXFileReference; lastKnownFileType = text.plist.xml; path = Info.plist; sourceTree = "<group>"; };
/* End PBXFileReference section */

/* Begin PBXFrameworksBuildPhase section */
		EDB4C6EA1C28602D00A26E69 /* Frameworks */ = {
			isa = PBXFrameworksBuildPhase;
			buildActionMask = 2147483647;
			files = (
			);
			runOnlyForDeploymentPostprocessing = 0;
		};
		EDB4C7031C28602D00A26E69 /* Frameworks */ = {
			isa = PBXFrameworksBuildPhase;
			buildActionMask = 2147483647;
			files = (
			);
			runOnlyForDeploymentPostprocessing = 0;
		};
		EDB4C70E1C28602D00A26E69 /* Frameworks */ = {
			isa = PBXFrameworksBuildPhase;
			buildActionMask = 2147483647;
			files = (
			);
			runOnlyForDeploymentPostprocessing = 0;
		};
/* End PBXFrameworksBuildPhase section */

/* Begin PBXGroup section */
		EDB4C6E41C28602D00A26E69 = {
			isa = PBXGroup;
			children = (
				EDB4C6EF1C28602D00A26E69 /* Ribbit */,
				EDB4C7091C28602D00A26E69 /* RibbitTests */,
				EDB4C7141C28602D00A26E69 /* RibbitUITests */,
				EDB4C6EE1C28602D00A26E69 /* Products */,
			);
			sourceTree = "<group>";
		};
		EDB4C6EE1C28602D00A26E69 /* Products */ = {
			isa = PBXGroup;
			children = (
				EDB4C6ED1C28602D00A26E69 /* Ribbit.app */,
				EDB4C7061C28602D00A26E69 /* RibbitTests.xctest */,
				EDB4C7111C28602D00A26E69 /* RibbitUITests.xctest */,
			);
			name = Products;
			sourceTree = "<group>";
		};
		EDB4C6EF1C28602D00A26E69 /* Ribbit */ = {
			isa = PBXGroup;
			children = (
				EDB4C6F31C28602D00A26E69 /* AppDelegate.h */,
				EDB4C6F41C28602D00A26E69 /* AppDelegate.m */,
				EDB4C6F61C28602D00A26E69 /* ViewController.h */,
				EDB4C6F71C28602D00A26E69 /* ViewController.m */,
				EDB4C6F91C28602D00A26E69 /* Main.storyboard */,
				EDB4C6FC1C28602D00A26E69 /* Assets.xcassets */,
				EDB4C6FE1C28602D00A26E69 /* LaunchScreen.storyboard */,
				EDB4C7011C28602D00A26E69 /* Info.plist */,
				EDB4C6F01C28602D00A26E69 /* Supporting Files */,
			);
			path = Ribbit;
			sourceTree = "<group>";
		};
		EDB4C6F01C28602D00A26E69 /* Supporting Files */ = {
			isa = PBXGroup;
			children = (
				EDB4C6F11C28602D00A26E69 /* main.m */,
			);
			name = "Supporting Files";
			sourceTree = "<group>";
		};
		EDB4C7091C28602D00A26E69 /* RibbitTests */ = {
			isa = PBXGroup;
			children = (
				EDB4C70A1C28602D00A26E69 /* RibbitTests.m */,
				EDB4C70C1C28602D00A26E69 /* Info.plist */,
			);
			path = RibbitTests;
			sourceTree = "<group>";
		};
		EDB4C7141C28602D00A26E69 /* RibbitUITests */ = {
			isa = PBXGroup;
			children = (
				EDB4C7151C28602D00A26E69 /* RibbitUITests.m */,
				EDB4C7171C28602D00A26E69 /* Info.plist */,
			);
			path = RibbitUITests;
			sourceTree = "<group>";
		};
/* End PBXGroup section */

/* Begin PBXNativeTarget section */
		EDB4C6EC1C28602D00A26E69 /* Ribbit */ = {
			isa = PBXNativeTarget;
			buildConfigurationList = EDB4C71A1C28602D00A26E69 /* Build configuration list for PBXNativeTarget "Ribbit" */;
			buildPhases = (
				EDB4C6E91C28602D00A26E69 /* Sources */,
				EDB4C6EA1C28602D00A26E69 /* Frameworks */,
				EDB4C6EB1C28602D00A26E69 /* Resources */,
			);
			buildRules = (
			);
			dependencies = (
			);
			name = Ribbit;
			productName = Ribbit;
			productReference = EDB4C6ED1C28602D00A26E69 /* Ribbit.app */;
			productType = "com.apple.product-type.application";
		};
		EDB4C7051C28602D00A26E69 /* RibbitTests */ = {
			isa = PBXNativeTarget;
			buildConfigurationList = EDB4C71D1C28602D00A26E69 /* Build configuration list for PBXNativeTarget "RibbitTests" */;
			buildPhases = (
				EDB4C7021C28602D00A26E69 /* Sources */,
				EDB4C7031C28602D00A26E69 /* Frameworks */,
				EDB4C7041C28602D00A26E69 /* Resources */,
			);
			buildRules = (
			);
			dependencies = (
				EDB4C7081C28602D00A26E69 /* PBXTargetDependency */,
			);
			name = RibbitTests;
			productName = RibbitTests;
			productReference = EDB4C7061C28602D00A26E69 /* RibbitTests.xctest */;
			productType = "com.apple.product-type.bundle.unit-test";
		};
		EDB4C7101C28602D00A26E69 /* RibbitUITests */ = {
			isa = PBXNativeTarget;
			buildConfigurationList = EDB4C7201C28602D00A26E69 /* Build configuration list for PBXNativeTarget "RibbitUITests" */;
			buildPhases = (
				EDB4C70D1C28602D00A26E69 /* Sources */,
				EDB4C70E1C28602D00A26E69 /* Frameworks */,
				EDB4C70F1C28602D00A26E69 /* Resources */,
			);
			buildRules = (
			);
			dependencies = (
				EDB4C7131C28602D00A26E69 /* PBXTargetDependency */,
			);
			name = RibbitUITests;
			productName = RibbitUITests;
			productReference = EDB4C7111C28602D00A26E69 /* RibbitUITests.xctest */;
			productType = "com.apple.product-type.bundle.ui-testing";
		};
/* End PBXNativeTarget section */

/* Begin PBXProject section */
		EDB4C6E51C28602D00A26E69 /* Project object */ = {
			isa = PBXProject;
			attributes = {
				LastUpgradeCheck = 0720;
				ORGANIZATIONNAME = "Carl Udren";
				TargetAttributes = {
					EDB4C6EC1C28602D00A26E69 = {
						CreatedOnToolsVersion = 7.2;
					};
					EDB4C7051C28602D00A26E69 = {
						CreatedOnToolsVersion = 7.2;
						TestTargetID = EDB4C6EC1C28602D00A26E69;
					};
					EDB4C7101C28602D00A26E69 = {
						CreatedOnToolsVersion = 7.2;
						TestTargetID = EDB4C6EC1C28602D00A26E69;
					};
				};
			};
			buildConfigurationList = EDB4C6E81C28602D00A26E69 /* Build configuration list for PBXProject "Ribbit" */;
			compatibilityVersion = "Xcode 3.2";
			developmentRegion = English;
			hasScannedForEncodings = 0;
			knownRegions = (
				en,
				Base,
			);
			mainGroup = EDB4C6E41C28602D00A26E69;
			productRefGroup = EDB4C6EE1C28602D00A26E69 /* Products */;
			projectDirPath = "";
			projectRoot = "";
			targets = (
				EDB4C6EC1C28602D00A26E69 /* Ribbit */,
				EDB4C7051C28602D00A26E69 /* RibbitTests */,
				EDB4C7101C28602D00A26E69 /* RibbitUITests */,
			);
		};
/* End PBXProject section */

/* Begin PBXResourcesBuildPhase section */
		EDB4C6EB1C28602D00A26E69 /* Resources */ = {
			isa = PBXResourcesBuildPhase;
			buildActionMask = 2147483647;
			files = (
				EDB4C7001C28602D00A26E69 /* LaunchScreen.storyboard in Resources */,
				EDB4C6FD1C28602D00A26E69 /* Assets.xcassets in Resources */,
				EDB4C6FB1C28602D00A26E69 /* Main.storyboard in Resources */,
			);
			runOnlyForDeploymentPostprocessing = 0;
		};
		EDB4C7041C28602D00A26E69 /* Resources */ = {
			isa = PBXResourcesBuildPhase;
			buildActionMask = 2147483647;
			files = (
			);
			runOnlyForDeploymentPostprocessing = 0;
		};
		EDB4C70F1C28602D00A26E69 /* Resources */ = {
			isa = PBXResourcesBuildPhase;
			buildActionMask = 2147483647;
			files = (
			);
			runOnlyForDeploymentPostprocessing = 0;
		};
/* End PBXResourcesBuildPhase section */

/* Begin PBXSourcesBuildPhase section */
		EDB4C6E91C28602D00A26E69 /* Sources */ = {
			isa = PBXSourcesBuildPhase;
			buildActionMask = 2147483647;
			files = (
				EDB4C6F81C28602D00A26E69 /* ViewController.m in Sources */,
				EDB4C6F51C28602D00A26E69 /* AppDelegate.m in Sources */,
				EDB4C6F21C28602D00A26E69 /* main.m in Sources */,
			);
			runOnlyForDeploymentPostprocessing = 0;
		};
		EDB4C7021C28602D00A26E69 /* Sources */ = {
			isa = PBXSourcesBuildPhase;
			buildActionMask = 2147483647;
			files = (
				EDB4C70B1C28602D00A26E69 /* RibbitTests.m in Sources */,
			);
			runOnlyForDeploymentPostprocessing = 0;
		};
		EDB4C70D1C28602D00A26E69 /* Sources */ = {
			isa = PBXSourcesBuildPhase;
			buildActionMask = 2147483647;
			files = (
				EDB4C7161C28602D00A26E69 /* RibbitUITests.m in Sources */,
			);
			runOnlyForDeploymentPostprocessing = 0;
		};
/* End PBXSourcesBuildPhase section */

/* Begin PBXTargetDependency section */
		EDB4C7081C28602D00A26E69 /* PBXTargetDependency */ = {
			isa = PBXTargetDependency;
			target = EDB4C6EC1C28602D00A26E69 /* Ribbit */;
			targetProxy = EDB4C7071C28602D00A26E69 /* PBXContainerItemProxy */;
		};
		EDB4C7131C28602D00A26E69 /* PBXTargetDependency */ = {
			isa = PBXTargetDependency;
			target = EDB4C6EC1C28602D00A26E69 /* Ribbit */;
			targetProxy = EDB4C7121C28602D00A26E69 /* PBXContainerItemProxy */;
		};
/* End PBXTargetDependency section */

/* Begin PBXVariantGroup section */
		EDB4C6F91C28602D00A26E69 /* Main.storyboard */ = {
			isa = PBXVariantGroup;
			children = (
				EDB4C6FA1C28602D00A26E69 /* Base */,
			);
			name = Main.storyboard;
			sourceTree = "<group>";
		};
		EDB4C6FE1C28602D00A26E69 /* LaunchScreen.storyboard */ = {
			isa = PBXVariantGroup;
			children = (
				EDB4C6FF1C28602D00A26E69 /* Base */,
			);
			name = LaunchScreen.storyboard;
			sourceTree = "<group>";
		};
/* End PBXVariantGroup section */

/* Begin XCBuildConfiguration section */
		EDB4C7181C28602D00A26E69 /* Debug */ = {
			isa = XCBuildConfiguration;
			buildSettings = {
				ALWAYS_SEARCH_USER_PATHS = NO;
				CLANG_CXX_LANGUAGE_STANDARD = "gnu++0x";
				CLANG_CXX_LIBRARY = "libc++";
				CLANG_ENABLE_MODULES = YES;
				CLANG_ENABLE_OBJC_ARC = YES;
				CLANG_WARN_BOOL_CONVERSION = YES;
				CLANG_WARN_CONSTANT_CONVERSION = YES;
				CLANG_WARN_DIRECT_OBJC_ISA_USAGE = YES_ERROR;
				CLANG_WARN_EMPTY_BODY = YES;
				CLANG_WARN_ENUM_CONVERSION = YES;
				CLANG_WARN_INT_CONVERSION = YES;
				CLANG_WARN_OBJC_ROOT_CLASS = YES_ERROR;
				CLANG_WARN_UNREACHABLE_CODE = YES;
				CLANG_WARN__DUPLICATE_METHOD_MATCH = YES;
				"CODE_SIGN_IDENTITY[sdk=iphoneos*]" = "iPhone Developer";
				COPY_PHASE_STRIP = NO;
				DEBUG_INFORMATION_FORMAT = dwarf;
				ENABLE_STRICT_OBJC_MSGSEND = YES;
				ENABLE_TESTABILITY = YES;
				GCC_C_LANGUAGE_STANDARD = gnu99;
				GCC_DYNAMIC_NO_PIC = NO;
				GCC_NO_COMMON_BLOCKS = YES;
				GCC_OPTIMIZATION_LEVEL = 0;
				GCC_PREPROCESSOR_DEFINITIONS = (
					"DEBUG=1",
					"$(inherited)",
				);
				GCC_WARN_64_TO_32_BIT_CONVERSION = YES;
				GCC_WARN_ABOUT_RETURN_TYPE = YES_ERROR;
				GCC_WARN_UNDECLARED_SELECTOR = YES;
				GCC_WARN_UNINITIALIZED_AUTOS = YES_AGGRESSIVE;
				GCC_WARN_UNUSED_FUNCTION = YES;
				GCC_WARN_UNUSED_VARIABLE = YES;
				IPHONEOS_DEPLOYMENT_TARGET = 9.2;
				MTL_ENABLE_DEBUG_INFO = YES;
				ONLY_ACTIVE_ARCH = YES;
				SDKROOT = iphoneos;
			};
			name = Debug;
		};
		EDB4C7191C28602D00A26E69 /* Release */ = {
			isa = XCBuildConfiguration;
			buildSettings = {
				ALWAYS_SEARCH_USER_PATHS = NO;
				CLANG_CXX_LANGUAGE_STANDARD = "gnu++0x";
				CLANG_CXX_LIBRARY = "libc++";
				CLANG_ENABLE_MODULES = YES;
				CLANG_ENABLE_OBJC_ARC = YES;
				CLANG_WARN_BOOL_CONVERSION = YES;
				CLANG_WARN_CONSTANT_CONVERSION = YES;
				CLANG_WARN_DIRECT_OBJC_ISA_USAGE = YES_ERROR;
				CLANG_WARN_EMPTY_BODY = YES;
				CLANG_WARN_ENUM_CONVERSION = YES;
				CLANG_WARN_INT_CONVERSION = YES;
				CLANG_WARN_OBJC_ROOT_CLASS = YES_ERROR;
				CLANG_WARN_UNREACHABLE_CODE = YES;
				CLANG_WARN__DUPLICATE_METHOD_MATCH = YES;
				"CODE_SIGN_IDENTITY[sdk=iphoneos*]" = "iPhone Developer";
				COPY_PHASE_STRIP = NO;
				DEBUG_INFORMATION_FORMAT = "dwarf-with-dsym";
				ENABLE_NS_ASSERTIONS = NO;
				ENABLE_STRICT_OBJC_MSGSEND = YES;
				GCC_C_LANGUAGE_STANDARD = gnu99;
				GCC_NO_COMMON_BLOCKS = YES;
				GCC_WARN_64_TO_32_BIT_CONVERSION = YES;
				GCC_WARN_ABOUT_RETURN_TYPE = YES_ERROR;
				GCC_WARN_UNDECLARED_SELECTOR = YES;
				GCC_WARN_UNINITIALIZED_AUTOS = YES_AGGRESSIVE;
				GCC_WARN_UNUSED_FUNCTION = YES;
				GCC_WARN_UNUSED_VARIABLE = YES;
				IPHONEOS_DEPLOYMENT_TARGET = 9.2;
				MTL_ENABLE_DEBUG_INFO = NO;
				SDKROOT = iphoneos;
				VALIDATE_PRODUCT = YES;
			};
			name = Release;
		};
		EDB4C71B1C28602D00A26E69 /* Debug */ = {
			isa = XCBuildConfiguration;
			buildSettings = {
				ASSETCATALOG_COMPILER_APPICON_NAME = AppIcon;
				INFOPLIST_FILE = Ribbit/Info.plist;
				LD_RUNPATH_SEARCH_PATHS = "$(inherited) @executable_path/Frameworks";
				PRODUCT_BUNDLE_IDENTIFIER = "Carl-Udren.Ribbit";
				PRODUCT_NAME = "$(TARGET_NAME)";
			};
			name = Debug;
		};
		EDB4C71C1C28602D00A26E69 /* Release */ = {
			isa = XCBuildConfiguration;
			buildSettings = {
				ASSETCATALOG_COMPILER_APPICON_NAME = AppIcon;
				INFOPLIST_FILE = Ribbit/Info.plist;
				LD_RUNPATH_SEARCH_PATHS = "$(inherited) @executable_path/Frameworks";
				PRODUCT_BUNDLE_IDENTIFIER = "Carl-Udren.Ribbit";
				PRODUCT_NAME = "$(TARGET_NAME)";
			};
			name = Release;
		};
		EDB4C71E1C28602D00A26E69 /* Debug */ = {
			isa = XCBuildConfiguration;
			buildSettings = {
				BUNDLE_LOADER = "$(TEST_HOST)";
				INFOPLIST_FILE = RibbitTests/Info.plist;
				LD_RUNPATH_SEARCH_PATHS = "$(inherited) @executable_path/Frameworks @loader_path/Frameworks";
				PRODUCT_BUNDLE_IDENTIFIER = "Carl-Udren.RibbitTests";
				PRODUCT_NAME = "$(TARGET_NAME)";
				TEST_HOST = "$(BUILT_PRODUCTS_DIR)/Ribbit.app/Ribbit";
			};
			name = Debug;
		};
		EDB4C71F1C28602D00A26E69 /* Release */ = {
			isa = XCBuildConfiguration;
			buildSettings = {
				BUNDLE_LOADER = "$(TEST_HOST)";
				INFOPLIST_FILE = RibbitTests/Info.plist;
				LD_RUNPATH_SEARCH_PATHS = "$(inherited) @executable_path/Frameworks @loader_path/Frameworks";
				PRODUCT_BUNDLE_IDENTIFIER = "Carl-Udren.RibbitTests";
				PRODUCT_NAME = "$(TARGET_NAME)";
				TEST_HOST = "$(BUILT_PRODUCTS_DIR)/Ribbit.app/Ribbit";
			};
			name = Release;
		};
		EDB4C7211C28602D00A26E69 /* Debug */ = {
			isa = XCBuildConfiguration;
			buildSettings = {
				INFOPLIST_FILE = RibbitUITests/Info.plist;
				LD_RUNPATH_SEARCH_PATHS = "$(inherited) @executable_path/Frameworks @loader_path/Frameworks";
				PRODUCT_BUNDLE_IDENTIFIER = "Carl-Udren.RibbitUITests";
				PRODUCT_NAME = "$(TARGET_NAME)";
				TEST_TARGET_NAME = Ribbit;
				USES_XCTRUNNER = YES;
			};
			name = Debug;
		};
		EDB4C7221C28602D00A26E69 /* Release */ = {
			isa = XCBuildConfiguration;
			buildSettings = {
				INFOPLIST_FILE = RibbitUITests/Info.plist;
				LD_RUNPATH_SEARCH_PATHS = "$(inherited) @executable_path/Frameworks @loader_path/Frameworks";
				PRODUCT_BUNDLE_IDENTIFIER = "Carl-Udren.RibbitUITests";
				PRODUCT_NAME = "$(TARGET_NAME)";
				TEST_TARGET_NAME = Ribbit;
				USES_XCTRUNNER = YES;
			};
			name = Release;
		};
/* End XCBuildConfiguration section */

/* Begin XCConfigurationList section */
		EDB4C6E81C28602D00A26E69 /* Build configuration list for PBXProject "Ribbit" */ = {
			isa = XCConfigurationList;
			buildConfigurations = (
				EDB4C7181C28602D00A26E69 /* Debug */,
				EDB4C7191C28602D00A26E69 /* Release */,
			);
			defaultConfigurationIsVisible = 0;
			defaultConfigurationName = Release;
		};
		EDB4C71A1C28602D00A26E69 /* Build configuration list for PBXNativeTarget "Ribbit" */ = {
			isa = XCConfigurationList;
			buildConfigurations = (
				EDB4C71B1C28602D00A26E69 /* Debug */,
				EDB4C71C1C28602D00A26E69 /* Release */,
			);
			defaultConfigurationIsVisible = 0;
		};
		EDB4C71D1C28602D00A26E69 /* Build configuration list for PBXNativeTarget "RibbitTests" */ = {
			isa = XCConfigurationList;
			buildConfigurations = (
				EDB4C71E1C28602D00A26E69 /* Debug */,
				EDB4C71F1C28602D00A26E69 /* Release */,
			);
			defaultConfigurationIsVisible = 0;
		};
		EDB4C7201C28602D00A26E69 /* Build configuration list for PBXNativeTarget "RibbitUITests" */ = {
			isa = XCConfigurationList;
			buildConfigurations = (
				EDB4C7211C28602D00A26E69 /* Debug */,
				EDB4C7221C28602D00A26E69 /* Release */,
			);
			defaultConfigurationIsVisible = 0;
		};
/* End XCConfigurationList section */
	};
	rootObject = EDB4C6E51C28602D00A26E69 /* Project object */;
}
